// !$*UTF8*$!
{
	archiveVersion = 1;
	classes = {
	};
	objectVersion = 46;
	objects = {

/* Begin PBXBuildFile section */
		0460B2E01EF9865000581BD8 /* main.m in Sources */ = {isa = PBXBuildFile; fileRef = 0460B2DF1EF9865000581BD8 /* main.m */; };
		0460B2E91EF986D900581BD8 /* PlainPrinter.m in Sources */ = {isa = PBXBuildFile; fileRef = 0460B2E81EF986D900581BD8 /* PlainPrinter.m */; };
		0460B2EC1EF9875900581BD8 /* PrinterDecorator.m in Sources */ = {isa = PBXBuildFile; fileRef = 0460B2EB1EF9875900581BD8 /* PrinterDecorator.m */; };
/* End PBXBuildFile section */

/* Begin PBXCopyFilesBuildPhase section */
		0460B2DA1EF9865000581BD8 /* CopyFiles */ = {
			isa = PBXCopyFilesBuildPhase;
			buildActionMask = 2147483647;
			dstPath = /usr/share/man/man1/;
			dstSubfolderSpec = 0;
			files = (
			);
			runOnlyForDeploymentPostprocessing = 1;
		};
/* End PBXCopyFilesBuildPhase section */

/* Begin PBXFileReference section */
		0460B2DC1EF9865000581BD8 /* TestingPatterns2 */ = {isa = PBXFileReference; explicitFileType = "compiled.mach-o.executable"; includeInIndex = 0; path = TestingPatterns2; sourceTree = BUILT_PRODUCTS_DIR; };
		0460B2DF1EF9865000581BD8 /* main.m */ = {isa = PBXFileReference; lastKnownFileType = sourcecode.c.objc; path = main.m; sourceTree = "<group>"; };
		0460B2E61EF9866800581BD8 /* StringPrinter.h */ = {isa = PBXFileReference; lastKnownFileType = sourcecode.c.h; path = StringPrinter.h; sourceTree = "<group>"; };
		0460B2E71EF986D900581BD8 /* PlainPrinter.h */ = {isa = PBXFileReference; fileEncoding = 4; lastKnownFileType = sourcecode.c.h; path = PlainPrinter.h; sourceTree = "<group>"; };
		0460B2E81EF986D900581BD8 /* PlainPrinter.m */ = {isa = PBXFileReference; fileEncoding = 4; lastKnownFileType = sourcecode.c.objc; path = PlainPrinter.m; sourceTree = "<group>"; };
		0460B2EA1EF9875900581BD8 /* PrinterDecorator.h */ = {isa = PBXFileReference; fileEncoding = 4; lastKnownFileType = sourcecode.c.h; path = PrinterDecorator.h; sourceTree = "<group>"; };
		0460B2EB1EF9875900581BD8 /* PrinterDecorator.m */ = {isa = PBXFileReference; fileEncoding = 4; lastKnownFileType = sourcecode.c.objc; path = PrinterDecorator.m; sourceTree = "<group>"; };
/* End PBXFileReference section */

/* Begin PBXFrameworksBuildPhase section */
		0460B2D91EF9865000581BD8 /* Frameworks */ = {
			isa = PBXFrameworksBuildPhase;
			buildActionMask = 2147483647;
			files = (
			);
			runOnlyForDeploymentPostprocessing = 0;
		};
/* End PBXFrameworksBuildPhase section */

/* Begin PBXGroup section */
		0460B2D31EF9865000581BD8 = {
			isa = PBXGroup;
			children = (
				0460B2DE1EF9865000581BD8 /* TestingPatterns2 */,
				0460B2DD1EF9865000581BD8 /* Products */,
			);
			sourceTree = "<group>";
		};
		0460B2DD1EF9865000581BD8 /* Products */ = {
			isa = PBXGroup;
			children = (
				0460B2DC1EF9865000581BD8 /* TestingPatterns2 */,
			);
			name = Products;
			sourceTree = "<group>";
		};
		0460B2DE1EF9865000581BD8 /* TestingPatterns2 */ = {
			isa = PBXGroup;
			children = (
				0460B2DF1EF9865000581BD8 /* main.m */,
				0460B2E61EF9866800581BD8 /* StringPrinter.h */,
				0460B2E71EF986D900581BD8 /* PlainPrinter.h */,
				0460B2E81EF986D900581BD8 /* PlainPrinter.m */,
				0460B2EA1EF9875900581BD8 /* PrinterDecorator.h */,
				0460B2EB1EF9875900581BD8 /* PrinterDecorator.m */,
			);
			path = TestingPatterns2;
			sourceTree = "<group>";
		};
/* End PBXGroup section */

/* Begin PBXNativeTarget section */
		0460B2DB1EF9865000581BD8 /* TestingPatterns2 */ = {
			isa = PBXNativeTarget;
			buildConfigurationList = 0460B2E31EF9865000581BD8 /* Build configuration list for PBXNativeTarget "TestingPatterns2" */;
			buildPhases = (
				0460B2D81EF9865000581BD8 /* Sources */,
				0460B2D91EF9865000581BD8 /* Frameworks */,
				0460B2DA1EF9865000581BD8 /* CopyFiles */,
			);
			buildRules = (
			);
			dependencies = (
			);
			name = TestingPatterns2;
			productName = TestingPatterns2;
			productReference = 0460B2DC1EF9865000581BD8 /* TestingPatterns2 */;
			productType = "com.apple.product-type.tool";
		};
/* End PBXNativeTarget section */

/* Begin PBXProject section */
		0460B2D41EF9865000581BD8 /* Project object */ = {
			isa = PBXProject;
			attributes = {
				LastUpgradeCheck = 0820;
				ORGANIZATIONNAME = "iOS-School-1";
				TargetAttributes = {
					0460B2DB1EF9865000581BD8 = {
						CreatedOnToolsVersion = 8.2.1;
						ProvisioningStyle = Automatic;
					};
				};
			};
			buildConfigurationList = 0460B2D71EF9865000581BD8 /* Build configuration list for PBXProject "TestingPatterns2" */;
			compatibilityVersion = "Xcode 3.2";
			developmentRegion = English;
			hasScannedForEncodings = 0;
			knownRegions = (
				en,
			);
			mainGroup = 0460B2D31EF9865000581BD8;
			productRefGroup = 0460B2DD1EF9865000581BD8 /* Products */;
			projectDirPath = "";
			projectRoot = "";
			targets = (
				0460B2DB1EF9865000581BD8 /* TestingPatterns2 */,
			);
		};
/* End PBXProject section */

/* Begin PBXSourcesBuildPhase section */
		0460B2D81EF9865000581BD8 /* Sources */ = {
			isa = PBXSourcesBuildPhase;
			buildActionMask = 2147483647;
			files = (
				0460B2E01EF9865000581BD8 /* main.m in Sources */,
				0460B2EC1EF9875900581BD8 /* PrinterDecorator.m in Sources */,
				0460B2E91EF986D900581BD8 /* PlainPrinter.m in Sources */,
			);
			runOnlyForDeploymentPostprocessing = 0;
		};
/* End PBXSourcesBuildPhase section */

/* Begin XCBuildConfiguration section */
		0460B2E11EF9865000581BD8 /* Debug */ = {
			isa = XCBuildConfiguration;
			buildSettings = {
				ALWAYS_SEARCH_USER_PATHS = NO;
				CLANG_ANALYZER_NONNULL = YES;
				CLANG_CXX_LANGUAGE_STANDARD = "gnu++0x";
				CLANG_CXX_LIBRARY = "libc++";
				CLANG_ENABLE_MODULES = YES;
				CLANG_ENABLE_OBJC_ARC = YES;
				CLANG_WARN_BOOL_CONVERSION = YES;
				CLANG_WARN_CONSTANT_CONVERSION = YES;
				CLANG_WARN_DIRECT_OBJC_ISA_USAGE = YES_ERROR;
				CLANG_WARN_DOCUMENTATION_COMMENTS = YES;
				CLANG_WARN_EMPTY_BODY = YES;
				CLANG_WARN_ENUM_CONVERSION = YES;
				CLANG_WARN_INFINITE_RECURSION = YES;
				CLANG_WARN_INT_CONVERSION = YES;
				CLANG_WARN_OBJC_ROOT_CLASS = YES_ERROR;
				CLANG_WARN_SUSPICIOUS_MOVE = YES;
				CLANG_WARN_UNREACHABLE_CODE = YES;
				CLANG_WARN__DUPLICATE_METHOD_MATCH = YES;
				CODE_SIGN_IDENTITY = "-";
				COPY_PHASE_STRIP = NO;
				DEBUG_INFORMATION_FORMAT = dwarf;
				ENABLE_STRICT_OBJC_MSGSEND = YES;
				ENABLE_TESTABILITY = YES;
				GCC_C_LANGUAGE_STANDARD = gnu99;
				GCC_DYNAMIC_NO_PIC = NO;
				GCC_NO_COMMON_BLOCKS = YES;
				GCC_OPTIMIZATION_LEVEL = 0;
				GCC_PREPROCESSOR_DEFINITIONS = (
					"DEBUG=1",
					"$(inherited)",
				);
				GCC_WARN_64_TO_32_BIT_CONVERSION = YES;
				GCC_WARN_ABOUT_RETURN_TYPE = YES_ERROR;
				GCC_WARN_UNDECLARED_SELECTOR = YES;
				GCC_WARN_UNINITIALIZED_AUTOS = YES_AGGRESSIVE;
				GCC_WARN_UNUSED_FUNCTION = YES;
				GCC_WARN_UNUSED_VARIABLE = YES;
				MACOSX_DEPLOYMENT_TARGET = 10.12;
				MTL_ENABLE_DEBUG_INFO = YES;
				ONLY_ACTIVE_ARCH = YES;
				SDKROOT = macosx;
			};
			name = Debug;
		};
		0460B2E21EF9865000581BD8 /* Release */ = {
			isa = XCBuildConfiguration;
			buildSettings = {
				ALWAYS_SEARCH_USER_PATHS = NO;
				CLANG_ANALYZER_NONNULL = YES;
				CLANG_CXX_LANGUAGE_STANDARD = "gnu++0x";
				CLANG_CXX_LIBRARY = "libc++";
				CLANG_ENABLE_MODULES = YES;
				CLANG_ENABLE_OBJC_ARC = YES;
				CLANG_WARN_BOOL_CONVERSION = YES;
				CLANG_WARN_CONSTANT_CONVERSION = YES;
				CLANG_WARN_DIRECT_OBJC_ISA_USAGE = YES_ERROR;
				CLANG_WARN_DOCUMENTATION_COMMENTS = YES;
				CLANG_WARN_EMPTY_BODY = YES;
				CLANG_WARN_ENUM_CONVERSION = YES;
				CLANG_WARN_INFINITE_RECURSION = YES;
				CLANG_WARN_INT_CONVERSION = YES;
				CLANG_WARN_OBJC_ROOT_CLASS = YES_ERROR;
				CLANG_WARN_SUSPICIOUS_MOVE = YES;
				CLANG_WARN_UNREACHABLE_CODE = YES;
				CLANG_WARN__DUPLICATE_METHOD_MATCH = YES;
				CODE_SIGN_IDENTITY = "-";
				COPY_PHASE_STRIP = NO;
				DEBUG_INFORMATION_FORMAT = "dwarf-with-dsym";
				ENABLE_NS_ASSERTIONS = NO;
				ENABLE_STRICT_OBJC_MSGSEND = YES;
				GCC_C_LANGUAGE_STANDARD = gnu99;
				GCC_NO_COMMON_BLOCKS = YES;
				GCC_WARN_64_TO_32_BIT_CONVERSION = YES;
				GCC_WARN_ABOUT_RETURN_TYPE = YES_ERROR;
				GCC_WARN_UNDECLARED_SELECTOR = YES;
				GCC_WARN_UNINITIALIZED_AUTOS = YES_AGGRESSIVE;
				GCC_WARN_UNUSED_FUNCTION = YES;
				GCC_WARN_UNUSED_VARIABLE = YES;
				MACOSX_DEPLOYMENT_TARGET = 10.12;
				MTL_ENABLE_DEBUG_INFO = NO;
				SDKROOT = macosx;
			};
			name = Release;
		};
		0460B2E41EF9865000581BD8 /* Debug */ = {
			isa = XCBuildConfiguration;
			buildSettings = {
				PRODUCT_NAME = "$(TARGET_NAME)";
			};
			name = Debug;
		};
		0460B2E51EF9865000581BD8 /* Release */ = {
			isa = XCBuildConfiguration;
			buildSettings = {
				PRODUCT_NAME = "$(TARGET_NAME)";
			};
			name = Release;
		};
/* End XCBuildConfiguration section */

/* Begin XCConfigurationList section */
		0460B2D71EF9865000581BD8 /* Build configuration list for PBXProject "TestingPatterns2" */ = {
			isa = XCConfigurationList;
			buildConfigurations = (
				0460B2E11EF9865000581BD8 /* Debug */,
				0460B2E21EF9865000581BD8 /* Release */,
			);
			defaultConfigurationIsVisible = 0;
			defaultConfigurationName = Release;
		};
		0460B2E31EF9865000581BD8 /* Build configuration list for PBXNativeTarget "TestingPatterns2" */ = {
			isa = XCConfigurationList;
			buildConfigurations = (
				0460B2E41EF9865000581BD8 /* Debug */,
				0460B2E51EF9865000581BD8 /* Release */,
			);
			defaultConfigurationIsVisible = 0;
		};
/* End XCConfigurationList section */
	};
	rootObject = 0460B2D41EF9865000581BD8 /* Project object */;
}
