// !$*UTF8*$!
{
	archiveVersion = 1;
	classes = {
	};
	objectVersion = 46;
	objects = {

/* Begin PBXBuildFile section */
		8493215F1E9584A500F6E9F0 /* Fraction+FractionCategory.m in Sources */ = {isa = PBXBuildFile; fileRef = 8493215E1E9584A500F6E9F0 /* Fraction+FractionCategory.m */; };
		84BEF0F21E93AF2D00964F68 /* main.m in Sources */ = {isa = PBXBuildFile; fileRef = 84BEF0F11E93AF2D00964F68 /* main.m */; };
		84BEF0FA1E93B03F00964F68 /* Fraction.m in Sources */ = {isa = PBXBuildFile; fileRef = 84BEF0F91E93B03F00964F68 /* Fraction.m */; };
		84EE3C291E9639560086B31B /* Fraction+Comparison.m in Sources */ = {isa = PBXBuildFile; fileRef = 84EE3C281E9639560086B31B /* Fraction+Comparison.m */; };
/* End PBXBuildFile section */

/* Begin PBXCopyFilesBuildPhase section */
		84BEF0EC1E93AF2D00964F68 /* CopyFiles */ = {
			isa = PBXCopyFilesBuildPhase;
			buildActionMask = 2147483647;
			dstPath = /usr/share/man/man1/;
			dstSubfolderSpec = 0;
			files = (
			);
			runOnlyForDeploymentPostprocessing = 1;
		};
/* End PBXCopyFilesBuildPhase section */

/* Begin PBXFileReference section */
		8493215D1E9584A500F6E9F0 /* Fraction+FractionCategory.h */ = {isa = PBXFileReference; fileEncoding = 4; lastKnownFileType = sourcecode.c.h; path = "Fraction+FractionCategory.h"; sourceTree = "<group>"; };
		8493215E1E9584A500F6E9F0 /* Fraction+FractionCategory.m */ = {isa = PBXFileReference; fileEncoding = 4; lastKnownFileType = sourcecode.c.objc; path = "Fraction+FractionCategory.m"; sourceTree = "<group>"; };
		84BEF0EE1E93AF2D00964F68 /* FractionTest */ = {isa = PBXFileReference; explicitFileType = "compiled.mach-o.executable"; includeInIndex = 0; path = FractionTest; sourceTree = BUILT_PRODUCTS_DIR; };
		84BEF0F11E93AF2D00964F68 /* main.m */ = {isa = PBXFileReference; lastKnownFileType = sourcecode.c.objc; path = main.m; sourceTree = "<group>"; };
		84BEF0F81E93B03F00964F68 /* Fraction.h */ = {isa = PBXFileReference; fileEncoding = 4; lastKnownFileType = sourcecode.c.h; path = Fraction.h; sourceTree = "<group>"; };
		84BEF0F91E93B03F00964F68 /* Fraction.m */ = {isa = PBXFileReference; fileEncoding = 4; lastKnownFileType = sourcecode.c.objc; path = Fraction.m; sourceTree = "<group>"; };
		84EE3C271E9639560086B31B /* Fraction+Comparison.h */ = {isa = PBXFileReference; fileEncoding = 4; lastKnownFileType = sourcecode.c.h; path = "Fraction+Comparison.h"; sourceTree = "<group>"; };
		84EE3C281E9639560086B31B /* Fraction+Comparison.m */ = {isa = PBXFileReference; fileEncoding = 4; lastKnownFileType = sourcecode.c.objc; path = "Fraction+Comparison.m"; sourceTree = "<group>"; };
/* End PBXFileReference section */

/* Begin PBXFrameworksBuildPhase section */
		84BEF0EB1E93AF2D00964F68 /* Frameworks */ = {
			isa = PBXFrameworksBuildPhase;
			buildActionMask = 2147483647;
			files = (
			);
			runOnlyForDeploymentPostprocessing = 0;
		};
/* End PBXFrameworksBuildPhase section */

/* Begin PBXGroup section */
		84BEF0E51E93AF2D00964F68 = {
			isa = PBXGroup;
			children = (
				84BEF0F01E93AF2D00964F68 /* FractionTest */,
				84BEF0EF1E93AF2D00964F68 /* Products */,
			);
			sourceTree = "<group>";
		};
		84BEF0EF1E93AF2D00964F68 /* Products */ = {
			isa = PBXGroup;
			children = (
				84BEF0EE1E93AF2D00964F68 /* FractionTest */,
			);
			name = Products;
			sourceTree = "<group>";
		};
		84BEF0F01E93AF2D00964F68 /* FractionTest */ = {
			isa = PBXGroup;
			children = (
				84BEF0F11E93AF2D00964F68 /* main.m */,
				84BEF0F81E93B03F00964F68 /* Fraction.h */,
				84BEF0F91E93B03F00964F68 /* Fraction.m */,
				8493215D1E9584A500F6E9F0 /* Fraction+FractionCategory.h */,
				8493215E1E9584A500F6E9F0 /* Fraction+FractionCategory.m */,
				84EE3C271E9639560086B31B /* Fraction+Comparison.h */,
				84EE3C281E9639560086B31B /* Fraction+Comparison.m */,
			);
			path = FractionTest;
			sourceTree = "<group>";
		};
/* End PBXGroup section */

/* Begin PBXNativeTarget section */
		84BEF0ED1E93AF2D00964F68 /* FractionTest */ = {
			isa = PBXNativeTarget;
			buildConfigurationList = 84BEF0F51E93AF2D00964F68 /* Build configuration list for PBXNativeTarget "FractionTest" */;
			buildPhases = (
				84BEF0EA1E93AF2D00964F68 /* Sources */,
				84BEF0EB1E93AF2D00964F68 /* Frameworks */,
				84BEF0EC1E93AF2D00964F68 /* CopyFiles */,
			);
			buildRules = (
			);
			dependencies = (
			);
			name = FractionTest;
			productName = FractionTest;
			productReference = 84BEF0EE1E93AF2D00964F68 /* FractionTest */;
			productType = "com.apple.product-type.tool";
		};
/* End PBXNativeTarget section */

/* Begin PBXProject section */
		84BEF0E61E93AF2D00964F68 /* Project object */ = {
			isa = PBXProject;
			attributes = {
				LastUpgradeCheck = 0830;
				ORGANIZATIONNAME = Admin;
				TargetAttributes = {
					84BEF0ED1E93AF2D00964F68 = {
						CreatedOnToolsVersion = 8.3;
						ProvisioningStyle = Automatic;
					};
				};
			};
			buildConfigurationList = 84BEF0E91E93AF2D00964F68 /* Build configuration list for PBXProject "FractionTest" */;
			compatibilityVersion = "Xcode 3.2";
			developmentRegion = English;
			hasScannedForEncodings = 0;
			knownRegions = (
				en,
			);
			mainGroup = 84BEF0E51E93AF2D00964F68;
			productRefGroup = 84BEF0EF1E93AF2D00964F68 /* Products */;
			projectDirPath = "";
			projectRoot = "";
			targets = (
				84BEF0ED1E93AF2D00964F68 /* FractionTest */,
			);
		};
/* End PBXProject section */

/* Begin PBXSourcesBuildPhase section */
		84BEF0EA1E93AF2D00964F68 /* Sources */ = {
			isa = PBXSourcesBuildPhase;
			buildActionMask = 2147483647;
			files = (
				84EE3C291E9639560086B31B /* Fraction+Comparison.m in Sources */,
				8493215F1E9584A500F6E9F0 /* Fraction+FractionCategory.m in Sources */,
				84BEF0F21E93AF2D00964F68 /* main.m in Sources */,
				84BEF0FA1E93B03F00964F68 /* Fraction.m in Sources */,
			);
			runOnlyForDeploymentPostprocessing = 0;
		};
/* End PBXSourcesBuildPhase section */

/* Begin XCBuildConfiguration section */
		84BEF0F31E93AF2D00964F68 /* Debug */ = {
			isa = XCBuildConfiguration;
			buildSettings = {
				ALWAYS_SEARCH_USER_PATHS = NO;
				CLANG_ANALYZER_NONNULL = YES;
				CLANG_ANALYZER_NUMBER_OBJECT_CONVERSION = YES_AGGRESSIVE;
				CLANG_CXX_LANGUAGE_STANDARD = "gnu++0x";
				CLANG_CXX_LIBRARY = "libc++";
				CLANG_ENABLE_MODULES = YES;
				CLANG_ENABLE_OBJC_ARC = YES;
				CLANG_WARN_BOOL_CONVERSION = YES;
				CLANG_WARN_CONSTANT_CONVERSION = YES;
				CLANG_WARN_DIRECT_OBJC_ISA_USAGE = YES_ERROR;
				CLANG_WARN_DOCUMENTATION_COMMENTS = YES;
				CLANG_WARN_EMPTY_BODY = YES;
				CLANG_WARN_ENUM_CONVERSION = YES;
				CLANG_WARN_INFINITE_RECURSION = YES;
				CLANG_WARN_INT_CONVERSION = YES;
				CLANG_WARN_OBJC_ROOT_CLASS = YES_ERROR;
				CLANG_WARN_SUSPICIOUS_MOVE = YES;
				CLANG_WARN_UNREACHABLE_CODE = YES;
				CLANG_WARN__DUPLICATE_METHOD_MATCH = YES;
				CODE_SIGN_IDENTITY = "-";
				COPY_PHASE_STRIP = NO;
				DEBUG_INFORMATION_FORMAT = dwarf;
				ENABLE_STRICT_OBJC_MSGSEND = YES;
				ENABLE_TESTABILITY = YES;
				GCC_C_LANGUAGE_STANDARD = gnu99;
				GCC_DYNAMIC_NO_PIC = NO;
				GCC_NO_COMMON_BLOCKS = YES;
				GCC_OPTIMIZATION_LEVEL = 0;
				GCC_PREPROCESSOR_DEFINITIONS = (
					"DEBUG=1",
					"$(inherited)",
				);
				GCC_WARN_64_TO_32_BIT_CONVERSION = YES;
				GCC_WARN_ABOUT_RETURN_TYPE = YES_ERROR;
				GCC_WARN_UNDECLARED_SELECTOR = YES;
				GCC_WARN_UNINITIALIZED_AUTOS = YES_AGGRESSIVE;
				GCC_WARN_UNUSED_FUNCTION = YES;
				GCC_WARN_UNUSED_VARIABLE = YES;
				MACOSX_DEPLOYMENT_TARGET = 10.12;
				MTL_ENABLE_DEBUG_INFO = YES;
				ONLY_ACTIVE_ARCH = YES;
				SDKROOT = macosx;
			};
			name = Debug;
		};
		84BEF0F41E93AF2D00964F68 /* Release */ = {
			isa = XCBuildConfiguration;
			buildSettings = {
				ALWAYS_SEARCH_USER_PATHS = NO;
				CLANG_ANALYZER_NONNULL = YES;
				CLANG_ANALYZER_NUMBER_OBJECT_CONVERSION = YES_AGGRESSIVE;
				CLANG_CXX_LANGUAGE_STANDARD = "gnu++0x";
				CLANG_CXX_LIBRARY = "libc++";
				CLANG_ENABLE_MODULES = YES;
				CLANG_ENABLE_OBJC_ARC = YES;
				CLANG_WARN_BOOL_CONVERSION = YES;
				CLANG_WARN_CONSTANT_CONVERSION = YES;
				CLANG_WARN_DIRECT_OBJC_ISA_USAGE = YES_ERROR;
				CLANG_WARN_DOCUMENTATION_COMMENTS = YES;
				CLANG_WARN_EMPTY_BODY = YES;
				CLANG_WARN_ENUM_CONVERSION = YES;
				CLANG_WARN_INFINITE_RECURSION = YES;
				CLANG_WARN_INT_CONVERSION = YES;
				CLANG_WARN_OBJC_ROOT_CLASS = YES_ERROR;
				CLANG_WARN_SUSPICIOUS_MOVE = YES;
				CLANG_WARN_UNREACHABLE_CODE = YES;
				CLANG_WARN__DUPLICATE_METHOD_MATCH = YES;
				CODE_SIGN_IDENTITY = "-";
				COPY_PHASE_STRIP = NO;
				DEBUG_INFORMATION_FORMAT = "dwarf-with-dsym";
				ENABLE_NS_ASSERTIONS = NO;
				ENABLE_STRICT_OBJC_MSGSEND = YES;
				GCC_C_LANGUAGE_STANDARD = gnu99;
				GCC_NO_COMMON_BLOCKS = YES;
				GCC_WARN_64_TO_32_BIT_CONVERSION = YES;
				GCC_WARN_ABOUT_RETURN_TYPE = YES_ERROR;
				GCC_WARN_UNDECLARED_SELECTOR = YES;
				GCC_WARN_UNINITIALIZED_AUTOS = YES_AGGRESSIVE;
				GCC_WARN_UNUSED_FUNCTION = YES;
				GCC_WARN_UNUSED_VARIABLE = YES;
				MACOSX_DEPLOYMENT_TARGET = 10.12;
				MTL_ENABLE_DEBUG_INFO = NO;
				SDKROOT = macosx;
			};
			name = Release;
		};
		84BEF0F61E93AF2D00964F68 /* Debug */ = {
			isa = XCBuildConfiguration;
			buildSettings = {
				PRODUCT_NAME = "$(TARGET_NAME)";
			};
			name = Debug;
		};
		84BEF0F71E93AF2D00964F68 /* Release */ = {
			isa = XCBuildConfiguration;
			buildSettings = {
				PRODUCT_NAME = "$(TARGET_NAME)";
			};
			name = Release;
		};
/* End XCBuildConfiguration section */

/* Begin XCConfigurationList section */
		84BEF0E91E93AF2D00964F68 /* Build configuration list for PBXProject "FractionTest" */ = {
			isa = XCConfigurationList;
			buildConfigurations = (
				84BEF0F31E93AF2D00964F68 /* Debug */,
				84BEF0F41E93AF2D00964F68 /* Release */,
			);
			defaultConfigurationIsVisible = 0;
			defaultConfigurationName = Release;
		};
		84BEF0F51E93AF2D00964F68 /* Build configuration list for PBXNativeTarget "FractionTest" */ = {
			isa = XCConfigurationList;
			buildConfigurations = (
				84BEF0F61E93AF2D00964F68 /* Debug */,
				84BEF0F71E93AF2D00964F68 /* Release */,
			);
			defaultConfigurationIsVisible = 0;
			defaultConfigurationName = Release;
		};
/* End XCConfigurationList section */
	};
	rootObject = 84BEF0E61E93AF2D00964F68 /* Project object */;
}
