// !$*UTF8*$!
{
	archiveVersion = 1;
	classes = {
	};
	objectVersion = 46;
	objects = {

/* Begin PBXBuildFile section */
		0425C33F1EC6FF5C006F1F3B /* main.m in Sources */ = {isa = PBXBuildFile; fileRef = 0425C33E1EC6FF5C006F1F3B /* main.m */; };
		0425C3471EC701F5006F1F3B /* Stick.m in Sources */ = {isa = PBXBuildFile; fileRef = 0425C3461EC701F5006F1F3B /* Stick.m */; };
		0425C34A1EC7034B006F1F3B /* Philosopher.m in Sources */ = {isa = PBXBuildFile; fileRef = 0425C3491EC7034B006F1F3B /* Philosopher.m */; };
/* End PBXBuildFile section */

/* Begin PBXCopyFilesBuildPhase section */
		0425C3391EC6FF5C006F1F3B /* CopyFiles */ = {
			isa = PBXCopyFilesBuildPhase;
			buildActionMask = 2147483647;
			dstPath = /usr/share/man/man1/;
			dstSubfolderSpec = 0;
			files = (
			);
			runOnlyForDeploymentPostprocessing = 1;
		};
/* End PBXCopyFilesBuildPhase section */

/* Begin PBXFileReference section */
		0425C33B1EC6FF5C006F1F3B /* philosophers */ = {isa = PBXFileReference; explicitFileType = "compiled.mach-o.executable"; includeInIndex = 0; path = philosophers; sourceTree = BUILT_PRODUCTS_DIR; };
		0425C33E1EC6FF5C006F1F3B /* main.m */ = {isa = PBXFileReference; lastKnownFileType = sourcecode.c.objc; path = main.m; sourceTree = "<group>"; };
		0425C3451EC701F5006F1F3B /* Stick.h */ = {isa = PBXFileReference; fileEncoding = 4; lastKnownFileType = sourcecode.c.h; path = Stick.h; sourceTree = "<group>"; };
		0425C3461EC701F5006F1F3B /* Stick.m */ = {isa = PBXFileReference; fileEncoding = 4; lastKnownFileType = sourcecode.c.objc; path = Stick.m; sourceTree = "<group>"; };
		0425C3481EC7034B006F1F3B /* Philosopher.h */ = {isa = PBXFileReference; fileEncoding = 4; lastKnownFileType = sourcecode.c.h; path = Philosopher.h; sourceTree = "<group>"; };
		0425C3491EC7034B006F1F3B /* Philosopher.m */ = {isa = PBXFileReference; fileEncoding = 4; lastKnownFileType = sourcecode.c.objc; path = Philosopher.m; sourceTree = "<group>"; };
/* End PBXFileReference section */

/* Begin PBXFrameworksBuildPhase section */
		0425C3381EC6FF5C006F1F3B /* Frameworks */ = {
			isa = PBXFrameworksBuildPhase;
			buildActionMask = 2147483647;
			files = (
			);
			runOnlyForDeploymentPostprocessing = 0;
		};
/* End PBXFrameworksBuildPhase section */

/* Begin PBXGroup section */
		0425C3321EC6FF5C006F1F3B = {
			isa = PBXGroup;
			children = (
				0425C33D1EC6FF5C006F1F3B /* philosophers */,
				0425C33C1EC6FF5C006F1F3B /* Products */,
			);
			sourceTree = "<group>";
		};
		0425C33C1EC6FF5C006F1F3B /* Products */ = {
			isa = PBXGroup;
			children = (
				0425C33B1EC6FF5C006F1F3B /* philosophers */,
			);
			name = Products;
			sourceTree = "<group>";
		};
		0425C33D1EC6FF5C006F1F3B /* philosophers */ = {
			isa = PBXGroup;
			children = (
				0425C33E1EC6FF5C006F1F3B /* main.m */,
				0425C3481EC7034B006F1F3B /* Philosopher.h */,
				0425C3491EC7034B006F1F3B /* Philosopher.m */,
				0425C3451EC701F5006F1F3B /* Stick.h */,
				0425C3461EC701F5006F1F3B /* Stick.m */,
			);
			path = philosophers;
			sourceTree = "<group>";
		};
/* End PBXGroup section */

/* Begin PBXNativeTarget section */
		0425C33A1EC6FF5C006F1F3B /* philosophers */ = {
			isa = PBXNativeTarget;
			buildConfigurationList = 0425C3421EC6FF5C006F1F3B /* Build configuration list for PBXNativeTarget "philosophers" */;
			buildPhases = (
				0425C3371EC6FF5C006F1F3B /* Sources */,
				0425C3381EC6FF5C006F1F3B /* Frameworks */,
				0425C3391EC6FF5C006F1F3B /* CopyFiles */,
			);
			buildRules = (
			);
			dependencies = (
			);
			name = philosophers;
			productName = philosophers;
			productReference = 0425C33B1EC6FF5C006F1F3B /* philosophers */;
			productType = "com.apple.product-type.tool";
		};
/* End PBXNativeTarget section */

/* Begin PBXProject section */
		0425C3331EC6FF5C006F1F3B /* Project object */ = {
			isa = PBXProject;
			attributes = {
				LastUpgradeCheck = 0820;
				ORGANIZATIONNAME = "iOS-School-1";
				TargetAttributes = {
					0425C33A1EC6FF5C006F1F3B = {
						CreatedOnToolsVersion = 8.2.1;
						ProvisioningStyle = Automatic;
					};
				};
			};
			buildConfigurationList = 0425C3361EC6FF5C006F1F3B /* Build configuration list for PBXProject "philosophers" */;
			compatibilityVersion = "Xcode 3.2";
			developmentRegion = English;
			hasScannedForEncodings = 0;
			knownRegions = (
				en,
			);
			mainGroup = 0425C3321EC6FF5C006F1F3B;
			productRefGroup = 0425C33C1EC6FF5C006F1F3B /* Products */;
			projectDirPath = "";
			projectRoot = "";
			targets = (
				0425C33A1EC6FF5C006F1F3B /* philosophers */,
			);
		};
/* End PBXProject section */

/* Begin PBXSourcesBuildPhase section */
		0425C3371EC6FF5C006F1F3B /* Sources */ = {
			isa = PBXSourcesBuildPhase;
			buildActionMask = 2147483647;
			files = (
				0425C3471EC701F5006F1F3B /* Stick.m in Sources */,
				0425C33F1EC6FF5C006F1F3B /* main.m in Sources */,
				0425C34A1EC7034B006F1F3B /* Philosopher.m in Sources */,
			);
			runOnlyForDeploymentPostprocessing = 0;
		};
/* End PBXSourcesBuildPhase section */

/* Begin XCBuildConfiguration section */
		0425C3401EC6FF5C006F1F3B /* Debug */ = {
			isa = XCBuildConfiguration;
			buildSettings = {
				ALWAYS_SEARCH_USER_PATHS = NO;
				CLANG_ANALYZER_NONNULL = YES;
				CLANG_CXX_LANGUAGE_STANDARD = "gnu++0x";
				CLANG_CXX_LIBRARY = "libc++";
				CLANG_ENABLE_MODULES = YES;
				CLANG_ENABLE_OBJC_ARC = YES;
				CLANG_WARN_BOOL_CONVERSION = YES;
				CLANG_WARN_CONSTANT_CONVERSION = YES;
				CLANG_WARN_DIRECT_OBJC_ISA_USAGE = YES_ERROR;
				CLANG_WARN_DOCUMENTATION_COMMENTS = YES;
				CLANG_WARN_EMPTY_BODY = YES;
				CLANG_WARN_ENUM_CONVERSION = YES;
				CLANG_WARN_INFINITE_RECURSION = YES;
				CLANG_WARN_INT_CONVERSION = YES;
				CLANG_WARN_OBJC_ROOT_CLASS = YES_ERROR;
				CLANG_WARN_SUSPICIOUS_MOVE = YES;
				CLANG_WARN_UNREACHABLE_CODE = YES;
				CLANG_WARN__DUPLICATE_METHOD_MATCH = YES;
				CODE_SIGN_IDENTITY = "-";
				COPY_PHASE_STRIP = NO;
				DEBUG_INFORMATION_FORMAT = dwarf;
				ENABLE_STRICT_OBJC_MSGSEND = YES;
				ENABLE_TESTABILITY = YES;
				GCC_C_LANGUAGE_STANDARD = gnu99;
				GCC_DYNAMIC_NO_PIC = NO;
				GCC_NO_COMMON_BLOCKS = YES;
				GCC_OPTIMIZATION_LEVEL = 0;
				GCC_PREPROCESSOR_DEFINITIONS = (
					"DEBUG=1",
					"$(inherited)",
				);
				GCC_WARN_64_TO_32_BIT_CONVERSION = YES;
				GCC_WARN_ABOUT_RETURN_TYPE = YES_ERROR;
				GCC_WARN_UNDECLARED_SELECTOR = YES;
				GCC_WARN_UNINITIALIZED_AUTOS = YES_AGGRESSIVE;
				GCC_WARN_UNUSED_FUNCTION = YES;
				GCC_WARN_UNUSED_VARIABLE = YES;
				MACOSX_DEPLOYMENT_TARGET = 10.12;
				MTL_ENABLE_DEBUG_INFO = YES;
				ONLY_ACTIVE_ARCH = YES;
				SDKROOT = macosx;
			};
			name = Debug;
		};
		0425C3411EC6FF5C006F1F3B /* Release */ = {
			isa = XCBuildConfiguration;
			buildSettings = {
				ALWAYS_SEARCH_USER_PATHS = NO;
				CLANG_ANALYZER_NONNULL = YES;
				CLANG_CXX_LANGUAGE_STANDARD = "gnu++0x";
				CLANG_CXX_LIBRARY = "libc++";
				CLANG_ENABLE_MODULES = YES;
				CLANG_ENABLE_OBJC_ARC = YES;
				CLANG_WARN_BOOL_CONVERSION = YES;
				CLANG_WARN_CONSTANT_CONVERSION = YES;
				CLANG_WARN_DIRECT_OBJC_ISA_USAGE = YES_ERROR;
				CLANG_WARN_DOCUMENTATION_COMMENTS = YES;
				CLANG_WARN_EMPTY_BODY = YES;
				CLANG_WARN_ENUM_CONVERSION = YES;
				CLANG_WARN_INFINITE_RECURSION = YES;
				CLANG_WARN_INT_CONVERSION = YES;
				CLANG_WARN_OBJC_ROOT_CLASS = YES_ERROR;
				CLANG_WARN_SUSPICIOUS_MOVE = YES;
				CLANG_WARN_UNREACHABLE_CODE = YES;
				CLANG_WARN__DUPLICATE_METHOD_MATCH = YES;
				CODE_SIGN_IDENTITY = "-";
				COPY_PHASE_STRIP = NO;
				DEBUG_INFORMATION_FORMAT = "dwarf-with-dsym";
				ENABLE_NS_ASSERTIONS = NO;
				ENABLE_STRICT_OBJC_MSGSEND = YES;
				GCC_C_LANGUAGE_STANDARD = gnu99;
				GCC_NO_COMMON_BLOCKS = YES;
				GCC_WARN_64_TO_32_BIT_CONVERSION = YES;
				GCC_WARN_ABOUT_RETURN_TYPE = YES_ERROR;
				GCC_WARN_UNDECLARED_SELECTOR = YES;
				GCC_WARN_UNINITIALIZED_AUTOS = YES_AGGRESSIVE;
				GCC_WARN_UNUSED_FUNCTION = YES;
				GCC_WARN_UNUSED_VARIABLE = YES;
				MACOSX_DEPLOYMENT_TARGET = 10.12;
				MTL_ENABLE_DEBUG_INFO = NO;
				SDKROOT = macosx;
			};
			name = Release;
		};
		0425C3431EC6FF5C006F1F3B /* Debug */ = {
			isa = XCBuildConfiguration;
			buildSettings = {
				PRODUCT_NAME = "$(TARGET_NAME)";
			};
			name = Debug;
		};
		0425C3441EC6FF5C006F1F3B /* Release */ = {
			isa = XCBuildConfiguration;
			buildSettings = {
				PRODUCT_NAME = "$(TARGET_NAME)";
			};
			name = Release;
		};
/* End XCBuildConfiguration section */

/* Begin XCConfigurationList section */
		0425C3361EC6FF5C006F1F3B /* Build configuration list for PBXProject "philosophers" */ = {
			isa = XCConfigurationList;
			buildConfigurations = (
				0425C3401EC6FF5C006F1F3B /* Debug */,
				0425C3411EC6FF5C006F1F3B /* Release */,
			);
			defaultConfigurationIsVisible = 0;
			defaultConfigurationName = Release;
		};
		0425C3421EC6FF5C006F1F3B /* Build configuration list for PBXNativeTarget "philosophers" */ = {
			isa = XCConfigurationList;
			buildConfigurations = (
				0425C3431EC6FF5C006F1F3B /* Debug */,
				0425C3441EC6FF5C006F1F3B /* Release */,
			);
			defaultConfigurationIsVisible = 0;
		};
/* End XCConfigurationList section */
	};
	rootObject = 0425C3331EC6FF5C006F1F3B /* Project object */;
}
