// !$*UTF8*$!
{
	archiveVersion = 1;
	classes = {
	};
	objectVersion = 46;
	objects = {

/* Begin PBXBuildFile section */
		84E2FAB71FDBC87900EFF8AB /* main.m in Sources */ = {isa = PBXBuildFile; fileRef = 84E2FAB61FDBC87900EFF8AB /* main.m */; };
		84E2FABA1FDBC87900EFF8AB /* AppDelegate.m in Sources */ = {isa = PBXBuildFile; fileRef = 84E2FAB91FDBC87900EFF8AB /* AppDelegate.m */; };
		84E2FABD1FDBC87900EFF8AB /* ViewController.m in Sources */ = {isa = PBXBuildFile; fileRef = 84E2FABC1FDBC87900EFF8AB /* ViewController.m */; };
		84E2FAC01FDBC87900EFF8AB /* Main.storyboard in Resources */ = {isa = PBXBuildFile; fileRef = 84E2FABE1FDBC87900EFF8AB /* Main.storyboard */; };
		84E2FAC21FDBC87900EFF8AB /* Assets.xcassets in Resources */ = {isa = PBXBuildFile; fileRef = 84E2FAC11FDBC87900EFF8AB /* Assets.xcassets */; };
		84E2FAC51FDBC87900EFF8AB /* LaunchScreen.storyboard in Resources */ = {isa = PBXBuildFile; fileRef = 84E2FAC31FDBC87900EFF8AB /* LaunchScreen.storyboard */; };
		84E2FACE1FDBCBB000EFF8AB /* MySwitchTableViewCell.m in Sources */ = {isa = PBXBuildFile; fileRef = 84E2FACD1FDBCBB000EFF8AB /* MySwitchTableViewCell.m */; };
		84E2FAD21FDBE58400EFF8AB /* AnimationViewController.m in Sources */ = {isa = PBXBuildFile; fileRef = 84E2FAD11FDBE58400EFF8AB /* AnimationViewController.m */; };
		84E2FAD71FDC019000EFF8AB /* Commentaries in Resources */ = {isa = PBXBuildFile; fileRef = 84E2FAD61FDC019000EFF8AB /* Commentaries */; };
/* End PBXBuildFile section */

/* Begin PBXFileReference section */
		84E2FAB21FDBC87800EFF8AB /* TestingCoreAnimation.app */ = {isa = PBXFileReference; explicitFileType = wrapper.application; includeInIndex = 0; path = TestingCoreAnimation.app; sourceTree = BUILT_PRODUCTS_DIR; };
		84E2FAB61FDBC87900EFF8AB /* main.m */ = {isa = PBXFileReference; lastKnownFileType = sourcecode.c.objc; path = main.m; sourceTree = "<group>"; };
		84E2FAB81FDBC87900EFF8AB /* AppDelegate.h */ = {isa = PBXFileReference; lastKnownFileType = sourcecode.c.h; path = AppDelegate.h; sourceTree = "<group>"; };
		84E2FAB91FDBC87900EFF8AB /* AppDelegate.m */ = {isa = PBXFileReference; lastKnownFileType = sourcecode.c.objc; path = AppDelegate.m; sourceTree = "<group>"; };
		84E2FABB1FDBC87900EFF8AB /* ViewController.h */ = {isa = PBXFileReference; lastKnownFileType = sourcecode.c.h; path = ViewController.h; sourceTree = "<group>"; };
		84E2FABC1FDBC87900EFF8AB /* ViewController.m */ = {isa = PBXFileReference; lastKnownFileType = sourcecode.c.objc; path = ViewController.m; sourceTree = "<group>"; };
		84E2FABF1FDBC87900EFF8AB /* Base */ = {isa = PBXFileReference; lastKnownFileType = file.storyboard; name = Base; path = Base.lproj/Main.storyboard; sourceTree = "<group>"; };
		84E2FAC11FDBC87900EFF8AB /* Assets.xcassets */ = {isa = PBXFileReference; lastKnownFileType = folder.assetcatalog; path = Assets.xcassets; sourceTree = "<group>"; };
		84E2FAC41FDBC87900EFF8AB /* Base */ = {isa = PBXFileReference; lastKnownFileType = file.storyboard; name = Base; path = Base.lproj/LaunchScreen.storyboard; sourceTree = "<group>"; };
		84E2FAC61FDBC87900EFF8AB /* Info.plist */ = {isa = PBXFileReference; lastKnownFileType = text.plist.xml; path = Info.plist; sourceTree = "<group>"; };
		84E2FACC1FDBCBB000EFF8AB /* MySwitchTableViewCell.h */ = {isa = PBXFileReference; fileEncoding = 4; lastKnownFileType = sourcecode.c.h; path = MySwitchTableViewCell.h; sourceTree = "<group>"; };
		84E2FACD1FDBCBB000EFF8AB /* MySwitchTableViewCell.m */ = {isa = PBXFileReference; fileEncoding = 4; lastKnownFileType = sourcecode.c.objc; path = MySwitchTableViewCell.m; sourceTree = "<group>"; };
		84E2FACF1FDBCF3700EFF8AB /* MySwitchCellDelegate.h */ = {isa = PBXFileReference; lastKnownFileType = sourcecode.c.h; path = MySwitchCellDelegate.h; sourceTree = "<group>"; };
		84E2FAD01FDBE58400EFF8AB /* AnimationViewController.h */ = {isa = PBXFileReference; fileEncoding = 4; lastKnownFileType = sourcecode.c.h; path = AnimationViewController.h; sourceTree = "<group>"; };
		84E2FAD11FDBE58400EFF8AB /* AnimationViewController.m */ = {isa = PBXFileReference; fileEncoding = 4; lastKnownFileType = sourcecode.c.objc; path = AnimationViewController.m; sourceTree = "<group>"; };
		84E2FAD61FDC019000EFF8AB /* Commentaries */ = {isa = PBXFileReference; fileEncoding = 4; lastKnownFileType = text; path = Commentaries; sourceTree = "<group>"; };
/* End PBXFileReference section */

/* Begin PBXFrameworksBuildPhase section */
		84E2FAAF1FDBC87800EFF8AB /* Frameworks */ = {
			isa = PBXFrameworksBuildPhase;
			buildActionMask = 2147483647;
			files = (
			);
			runOnlyForDeploymentPostprocessing = 0;
		};
/* End PBXFrameworksBuildPhase section */

/* Begin PBXGroup section */
		84E2FAA91FDBC87700EFF8AB = {
			isa = PBXGroup;
			children = (
				84E2FAB41FDBC87800EFF8AB /* TestingCoreAnimation */,
				84E2FAB31FDBC87800EFF8AB /* Products */,
			);
			sourceTree = "<group>";
		};
		84E2FAB31FDBC87800EFF8AB /* Products */ = {
			isa = PBXGroup;
			children = (
				84E2FAB21FDBC87800EFF8AB /* TestingCoreAnimation.app */,
			);
			name = Products;
			sourceTree = "<group>";
		};
		84E2FAB41FDBC87800EFF8AB /* TestingCoreAnimation */ = {
			isa = PBXGroup;
			children = (
				84E2FAD31FDBE5A100EFF8AB /* TableViewAnimation */,
				84E2FAD41FDBE5B600EFF8AB /* CoreAnimation */,
				84E2FAB81FDBC87900EFF8AB /* AppDelegate.h */,
				84E2FAB91FDBC87900EFF8AB /* AppDelegate.m */,
				84E2FAC61FDBC87900EFF8AB /* Info.plist */,
				84E2FAD51FDBE5E100EFF8AB /* Resources */,
				84E2FAB51FDBC87800EFF8AB /* Supporting Files */,
			);
			path = TestingCoreAnimation;
			sourceTree = "<group>";
		};
		84E2FAB51FDBC87800EFF8AB /* Supporting Files */ = {
			isa = PBXGroup;
			children = (
				84E2FAB61FDBC87900EFF8AB /* main.m */,
			);
			name = "Supporting Files";
			sourceTree = "<group>";
		};
		84E2FAD31FDBE5A100EFF8AB /* TableViewAnimation */ = {
			isa = PBXGroup;
			children = (
				84E2FABB1FDBC87900EFF8AB /* ViewController.h */,
				84E2FABC1FDBC87900EFF8AB /* ViewController.m */,
				84E2FACF1FDBCF3700EFF8AB /* MySwitchCellDelegate.h */,
				84E2FACC1FDBCBB000EFF8AB /* MySwitchTableViewCell.h */,
				84E2FACD1FDBCBB000EFF8AB /* MySwitchTableViewCell.m */,
			);
			name = TableViewAnimation;
			sourceTree = "<group>";
		};
		84E2FAD41FDBE5B600EFF8AB /* CoreAnimation */ = {
			isa = PBXGroup;
			children = (
				84E2FAD01FDBE58400EFF8AB /* AnimationViewController.h */,
				84E2FAD11FDBE58400EFF8AB /* AnimationViewController.m */,
				84E2FAD61FDC019000EFF8AB /* Commentaries */,
			);
			name = CoreAnimation;
			sourceTree = "<group>";
		};
		84E2FAD51FDBE5E100EFF8AB /* Resources */ = {
			isa = PBXGroup;
			children = (
				84E2FABE1FDBC87900EFF8AB /* Main.storyboard */,
				84E2FAC11FDBC87900EFF8AB /* Assets.xcassets */,
				84E2FAC31FDBC87900EFF8AB /* LaunchScreen.storyboard */,
			);
			name = Resources;
			sourceTree = "<group>";
		};
/* End PBXGroup section */

/* Begin PBXNativeTarget section */
		84E2FAB11FDBC87800EFF8AB /* TestingCoreAnimation */ = {
			isa = PBXNativeTarget;
			buildConfigurationList = 84E2FAC91FDBC87900EFF8AB /* Build configuration list for PBXNativeTarget "TestingCoreAnimation" */;
			buildPhases = (
				84E2FAAE1FDBC87800EFF8AB /* Sources */,
				84E2FAAF1FDBC87800EFF8AB /* Frameworks */,
				84E2FAB01FDBC87800EFF8AB /* Resources */,
			);
			buildRules = (
			);
			dependencies = (
			);
			name = TestingCoreAnimation;
			productName = TestingCoreAnimation;
			productReference = 84E2FAB21FDBC87800EFF8AB /* TestingCoreAnimation.app */;
			productType = "com.apple.product-type.application";
		};
/* End PBXNativeTarget section */

/* Begin PBXProject section */
		84E2FAAA1FDBC87700EFF8AB /* Project object */ = {
			isa = PBXProject;
			attributes = {
				LastUpgradeCheck = 0830;
				ORGANIZATIONNAME = crest;
				TargetAttributes = {
					84E2FAB11FDBC87800EFF8AB = {
						CreatedOnToolsVersion = 8.3.3;
						ProvisioningStyle = Automatic;
					};
				};
			};
			buildConfigurationList = 84E2FAAD1FDBC87800EFF8AB /* Build configuration list for PBXProject "TestingCoreAnimation" */;
			compatibilityVersion = "Xcode 3.2";
			developmentRegion = English;
			hasScannedForEncodings = 0;
			knownRegions = (
				en,
				Base,
			);
			mainGroup = 84E2FAA91FDBC87700EFF8AB;
			productRefGroup = 84E2FAB31FDBC87800EFF8AB /* Products */;
			projectDirPath = "";
			projectRoot = "";
			targets = (
				84E2FAB11FDBC87800EFF8AB /* TestingCoreAnimation */,
			);
		};
/* End PBXProject section */

/* Begin PBXResourcesBuildPhase section */
		84E2FAB01FDBC87800EFF8AB /* Resources */ = {
			isa = PBXResourcesBuildPhase;
			buildActionMask = 2147483647;
			files = (
				84E2FAC51FDBC87900EFF8AB /* LaunchScreen.storyboard in Resources */,
				84E2FAC21FDBC87900EFF8AB /* Assets.xcassets in Resources */,
				84E2FAC01FDBC87900EFF8AB /* Main.storyboard in Resources */,
				84E2FAD71FDC019000EFF8AB /* Commentaries in Resources */,
			);
			runOnlyForDeploymentPostprocessing = 0;
		};
/* End PBXResourcesBuildPhase section */

/* Begin PBXSourcesBuildPhase section */
		84E2FAAE1FDBC87800EFF8AB /* Sources */ = {
			isa = PBXSourcesBuildPhase;
			buildActionMask = 2147483647;
			files = (
				84E2FABD1FDBC87900EFF8AB /* ViewController.m in Sources */,
				84E2FACE1FDBCBB000EFF8AB /* MySwitchTableViewCell.m in Sources */,
				84E2FAD21FDBE58400EFF8AB /* AnimationViewController.m in Sources */,
				84E2FABA1FDBC87900EFF8AB /* AppDelegate.m in Sources */,
				84E2FAB71FDBC87900EFF8AB /* main.m in Sources */,
			);
			runOnlyForDeploymentPostprocessing = 0;
		};
/* End PBXSourcesBuildPhase section */

/* Begin PBXVariantGroup section */
		84E2FABE1FDBC87900EFF8AB /* Main.storyboard */ = {
			isa = PBXVariantGroup;
			children = (
				84E2FABF1FDBC87900EFF8AB /* Base */,
			);
			name = Main.storyboard;
			sourceTree = "<group>";
		};
		84E2FAC31FDBC87900EFF8AB /* LaunchScreen.storyboard */ = {
			isa = PBXVariantGroup;
			children = (
				84E2FAC41FDBC87900EFF8AB /* Base */,
			);
			name = LaunchScreen.storyboard;
			sourceTree = "<group>";
		};
/* End PBXVariantGroup section */

/* Begin XCBuildConfiguration section */
		84E2FAC71FDBC87900EFF8AB /* Debug */ = {
			isa = XCBuildConfiguration;
			buildSettings = {
				ALWAYS_SEARCH_USER_PATHS = NO;
				CLANG_ANALYZER_NONNULL = YES;
				CLANG_ANALYZER_NUMBER_OBJECT_CONVERSION = YES_AGGRESSIVE;
				CLANG_CXX_LANGUAGE_STANDARD = "gnu++0x";
				CLANG_CXX_LIBRARY = "libc++";
				CLANG_ENABLE_MODULES = YES;
				CLANG_ENABLE_OBJC_ARC = YES;
				CLANG_WARN_BOOL_CONVERSION = YES;
				CLANG_WARN_CONSTANT_CONVERSION = YES;
				CLANG_WARN_DIRECT_OBJC_ISA_USAGE = YES_ERROR;
				CLANG_WARN_DOCUMENTATION_COMMENTS = YES;
				CLANG_WARN_EMPTY_BODY = YES;
				CLANG_WARN_ENUM_CONVERSION = YES;
				CLANG_WARN_INFINITE_RECURSION = YES;
				CLANG_WARN_INT_CONVERSION = YES;
				CLANG_WARN_OBJC_ROOT_CLASS = YES_ERROR;
				CLANG_WARN_SUSPICIOUS_MOVE = YES;
				CLANG_WARN_UNREACHABLE_CODE = YES;
				CLANG_WARN__DUPLICATE_METHOD_MATCH = YES;
				"CODE_SIGN_IDENTITY[sdk=iphoneos*]" = "iPhone Developer";
				COPY_PHASE_STRIP = NO;
				DEBUG_INFORMATION_FORMAT = dwarf;
				ENABLE_STRICT_OBJC_MSGSEND = YES;
				ENABLE_TESTABILITY = YES;
				GCC_C_LANGUAGE_STANDARD = gnu99;
				GCC_DYNAMIC_NO_PIC = NO;
				GCC_NO_COMMON_BLOCKS = YES;
				GCC_OPTIMIZATION_LEVEL = 0;
				GCC_PREPROCESSOR_DEFINITIONS = (
					"DEBUG=1",
					"$(inherited)",
				);
				GCC_WARN_64_TO_32_BIT_CONVERSION = YES;
				GCC_WARN_ABOUT_RETURN_TYPE = YES_ERROR;
				GCC_WARN_UNDECLARED_SELECTOR = YES;
				GCC_WARN_UNINITIALIZED_AUTOS = YES_AGGRESSIVE;
				GCC_WARN_UNUSED_FUNCTION = YES;
				GCC_WARN_UNUSED_VARIABLE = YES;
				IPHONEOS_DEPLOYMENT_TARGET = 10.3;
				MTL_ENABLE_DEBUG_INFO = YES;
				ONLY_ACTIVE_ARCH = YES;
				SDKROOT = iphoneos;
				TARGETED_DEVICE_FAMILY = "1,2";
			};
			name = Debug;
		};
		84E2FAC81FDBC87900EFF8AB /* Release */ = {
			isa = XCBuildConfiguration;
			buildSettings = {
				ALWAYS_SEARCH_USER_PATHS = NO;
				CLANG_ANALYZER_NONNULL = YES;
				CLANG_ANALYZER_NUMBER_OBJECT_CONVERSION = YES_AGGRESSIVE;
				CLANG_CXX_LANGUAGE_STANDARD = "gnu++0x";
				CLANG_CXX_LIBRARY = "libc++";
				CLANG_ENABLE_MODULES = YES;
				CLANG_ENABLE_OBJC_ARC = YES;
				CLANG_WARN_BOOL_CONVERSION = YES;
				CLANG_WARN_CONSTANT_CONVERSION = YES;
				CLANG_WARN_DIRECT_OBJC_ISA_USAGE = YES_ERROR;
				CLANG_WARN_DOCUMENTATION_COMMENTS = YES;
				CLANG_WARN_EMPTY_BODY = YES;
				CLANG_WARN_ENUM_CONVERSION = YES;
				CLANG_WARN_INFINITE_RECURSION = YES;
				CLANG_WARN_INT_CONVERSION = YES;
				CLANG_WARN_OBJC_ROOT_CLASS = YES_ERROR;
				CLANG_WARN_SUSPICIOUS_MOVE = YES;
				CLANG_WARN_UNREACHABLE_CODE = YES;
				CLANG_WARN__DUPLICATE_METHOD_MATCH = YES;
				"CODE_SIGN_IDENTITY[sdk=iphoneos*]" = "iPhone Developer";
				COPY_PHASE_STRIP = NO;
				DEBUG_INFORMATION_FORMAT = "dwarf-with-dsym";
				ENABLE_NS_ASSERTIONS = NO;
				ENABLE_STRICT_OBJC_MSGSEND = YES;
				GCC_C_LANGUAGE_STANDARD = gnu99;
				GCC_NO_COMMON_BLOCKS = YES;
				GCC_WARN_64_TO_32_BIT_CONVERSION = YES;
				GCC_WARN_ABOUT_RETURN_TYPE = YES_ERROR;
				GCC_WARN_UNDECLARED_SELECTOR = YES;
				GCC_WARN_UNINITIALIZED_AUTOS = YES_AGGRESSIVE;
				GCC_WARN_UNUSED_FUNCTION = YES;
				GCC_WARN_UNUSED_VARIABLE = YES;
				IPHONEOS_DEPLOYMENT_TARGET = 10.3;
				MTL_ENABLE_DEBUG_INFO = NO;
				SDKROOT = iphoneos;
				TARGETED_DEVICE_FAMILY = "1,2";
				VALIDATE_PRODUCT = YES;
			};
			name = Release;
		};
		84E2FACA1FDBC87900EFF8AB /* Debug */ = {
			isa = XCBuildConfiguration;
			buildSettings = {
				ASSETCATALOG_COMPILER_APPICON_NAME = AppIcon;
				INFOPLIST_FILE = TestingCoreAnimation/Info.plist;
				LD_RUNPATH_SEARCH_PATHS = "$(inherited) @executable_path/Frameworks";
				PRODUCT_BUNDLE_IDENTIFIER = com.crest.TestingCoreAnimation;
				PRODUCT_NAME = "$(TARGET_NAME)";
			};
			name = Debug;
		};
		84E2FACB1FDBC87900EFF8AB /* Release */ = {
			isa = XCBuildConfiguration;
			buildSettings = {
				ASSETCATALOG_COMPILER_APPICON_NAME = AppIcon;
				INFOPLIST_FILE = TestingCoreAnimation/Info.plist;
				LD_RUNPATH_SEARCH_PATHS = "$(inherited) @executable_path/Frameworks";
				PRODUCT_BUNDLE_IDENTIFIER = com.crest.TestingCoreAnimation;
				PRODUCT_NAME = "$(TARGET_NAME)";
			};
			name = Release;
		};
/* End XCBuildConfiguration section */

/* Begin XCConfigurationList section */
		84E2FAAD1FDBC87800EFF8AB /* Build configuration list for PBXProject "TestingCoreAnimation" */ = {
			isa = XCConfigurationList;
			buildConfigurations = (
				84E2FAC71FDBC87900EFF8AB /* Debug */,
				84E2FAC81FDBC87900EFF8AB /* Release */,
			);
			defaultConfigurationIsVisible = 0;
			defaultConfigurationName = Release;
		};
		84E2FAC91FDBC87900EFF8AB /* Build configuration list for PBXNativeTarget "TestingCoreAnimation" */ = {
			isa = XCConfigurationList;
			buildConfigurations = (
				84E2FACA1FDBC87900EFF8AB /* Debug */,
				84E2FACB1FDBC87900EFF8AB /* Release */,
			);
			defaultConfigurationIsVisible = 0;
		};
/* End XCConfigurationList section */
	};
	rootObject = 84E2FAAA1FDBC87700EFF8AB /* Project object */;
}
